// !$*UTF8*$!
{
	archiveVersion = 1;
	classes = {
	};
	objectVersion = 55;
	objects = {

/* Begin PBXBuildFile section */
		FD99368E2793285100B29BF5 /* AppDelegate.swift in Sources */ = {isa = PBXBuildFile; fileRef = FD99368D2793285100B29BF5 /* AppDelegate.swift */; };
		FD9936902793285100B29BF5 /* SceneDelegate.swift in Sources */ = {isa = PBXBuildFile; fileRef = FD99368F2793285100B29BF5 /* SceneDelegate.swift */; };
		FD9936922793285100B29BF5 /* MapViewController.swift in Sources */ = {isa = PBXBuildFile; fileRef = FD9936912793285100B29BF5 /* MapViewController.swift */; };
		FD9936952793285100B29BF5 /* Main.storyboard in Resources */ = {isa = PBXBuildFile; fileRef = FD9936932793285100B29BF5 /* Main.storyboard */; };
		FD9936972793285900B29BF5 /* Assets.xcassets in Resources */ = {isa = PBXBuildFile; fileRef = FD9936962793285900B29BF5 /* Assets.xcassets */; };
		FD99369A2793285900B29BF5 /* LaunchScreen.storyboard in Resources */ = {isa = PBXBuildFile; fileRef = FD9936982793285900B29BF5 /* LaunchScreen.storyboard */; };
		FD9936A827932E3B00B29BF5 /* NetworkReachabilityManager.swift in Sources */ = {isa = PBXBuildFile; fileRef = FD9936A727932E3B00B29BF5 /* NetworkReachabilityManager.swift */; };
		FD9936AB27932E7500B29BF5 /* UIViewController+Extensions.swift in Sources */ = {isa = PBXBuildFile; fileRef = FD9936AA27932E7500B29BF5 /* UIViewController+Extensions.swift */; };
		FD9936AD279331BC00B29BF5 /* HotelsViewController.swift in Sources */ = {isa = PBXBuildFile; fileRef = FD9936AC279331BC00B29BF5 /* HotelsViewController.swift */; };
		FD9936AF2793349600B29BF5 /* HotelsApiClient.swift in Sources */ = {isa = PBXBuildFile; fileRef = FD9936AE2793349600B29BF5 /* HotelsApiClient.swift */; };
		FD9936B127933F7600B29BF5 /* MapViewController+Extensions.swift in Sources */ = {isa = PBXBuildFile; fileRef = FD9936B027933F7600B29BF5 /* MapViewController+Extensions.swift */; };
		FD9936B52793446E00B29BF5 /* Hotels.xcdatamodeld in Sources */ = {isa = PBXBuildFile; fileRef = FD9936B32793446E00B29BF5 /* Hotels.xcdatamodeld */; };
		FDB0548E2793E64D00B58886 /* HotelResponse.swift in Sources */ = {isa = PBXBuildFile; fileRef = FDB0548D2793E64D00B58886 /* HotelResponse.swift */; };
		FDB054922794009300B58886 /* HotelTableViewCell.swift in Sources */ = {isa = PBXBuildFile; fileRef = FDB054902794009300B58886 /* HotelTableViewCell.swift */; };
		FDB054932794009300B58886 /* HotelTableViewCell.xib in Resources */ = {isa = PBXBuildFile; fileRef = FDB054912794009300B58886 /* HotelTableViewCell.xib */; };
		FDB054952794044F00B58886 /* DataController.swift in Sources */ = {isa = PBXBuildFile; fileRef = FDB054942794044F00B58886 /* DataController.swift */; };
		FDB05497279410B300B58886 /* DataModel.swift in Sources */ = {isa = PBXBuildFile; fileRef = FDB05496279410B300B58886 /* DataModel.swift */; };
/* End PBXBuildFile section */

/* Begin PBXFileReference section */
		FD99368A2793285100B29BF5 /* Hotels.app */ = {isa = PBXFileReference; explicitFileType = wrapper.application; includeInIndex = 0; path = Hotels.app; sourceTree = BUILT_PRODUCTS_DIR; };
		FD99368D2793285100B29BF5 /* AppDelegate.swift */ = {isa = PBXFileReference; lastKnownFileType = sourcecode.swift; path = AppDelegate.swift; sourceTree = "<group>"; };
		FD99368F2793285100B29BF5 /* SceneDelegate.swift */ = {isa = PBXFileReference; lastKnownFileType = sourcecode.swift; path = SceneDelegate.swift; sourceTree = "<group>"; };
		FD9936912793285100B29BF5 /* MapViewController.swift */ = {isa = PBXFileReference; lastKnownFileType = sourcecode.swift; path = MapViewController.swift; sourceTree = "<group>"; };
		FD9936942793285100B29BF5 /* Base */ = {isa = PBXFileReference; lastKnownFileType = file.storyboard; name = Base; path = Base.lproj/Main.storyboard; sourceTree = "<group>"; };
		FD9936962793285900B29BF5 /* Assets.xcassets */ = {isa = PBXFileReference; lastKnownFileType = folder.assetcatalog; path = Assets.xcassets; sourceTree = "<group>"; };
		FD9936992793285900B29BF5 /* Base */ = {isa = PBXFileReference; lastKnownFileType = file.storyboard; name = Base; path = Base.lproj/LaunchScreen.storyboard; sourceTree = "<group>"; };
		FD99369B2793285900B29BF5 /* Info.plist */ = {isa = PBXFileReference; lastKnownFileType = text.plist.xml; path = Info.plist; sourceTree = "<group>"; };
		FD9936A727932E3B00B29BF5 /* NetworkReachabilityManager.swift */ = {isa = PBXFileReference; lastKnownFileType = sourcecode.swift; path = NetworkReachabilityManager.swift; sourceTree = "<group>"; };
		FD9936AA27932E7500B29BF5 /* UIViewController+Extensions.swift */ = {isa = PBXFileReference; lastKnownFileType = sourcecode.swift; path = "UIViewController+Extensions.swift"; sourceTree = "<group>"; };
		FD9936AC279331BC00B29BF5 /* HotelsViewController.swift */ = {isa = PBXFileReference; lastKnownFileType = sourcecode.swift; path = HotelsViewController.swift; sourceTree = "<group>"; };
		FD9936AE2793349600B29BF5 /* HotelsApiClient.swift */ = {isa = PBXFileReference; lastKnownFileType = sourcecode.swift; path = HotelsApiClient.swift; sourceTree = "<group>"; };
		FD9936B027933F7600B29BF5 /* MapViewController+Extensions.swift */ = {isa = PBXFileReference; lastKnownFileType = sourcecode.swift; path = "MapViewController+Extensions.swift"; sourceTree = "<group>"; };
		FD9936B42793446E00B29BF5 /* Hotels.xcdatamodel */ = {isa = PBXFileReference; lastKnownFileType = wrapper.xcdatamodel; path = Hotels.xcdatamodel; sourceTree = "<group>"; };
		FDB0548D2793E64D00B58886 /* HotelResponse.swift */ = {isa = PBXFileReference; lastKnownFileType = sourcecode.swift; path = HotelResponse.swift; sourceTree = "<group>"; };
		FDB054902794009300B58886 /* HotelTableViewCell.swift */ = {isa = PBXFileReference; lastKnownFileType = sourcecode.swift; path = HotelTableViewCell.swift; sourceTree = "<group>"; };
		FDB054912794009300B58886 /* HotelTableViewCell.xib */ = {isa = PBXFileReference; lastKnownFileType = file.xib; path = HotelTableViewCell.xib; sourceTree = "<group>"; };
		FDB054942794044F00B58886 /* DataController.swift */ = {isa = PBXFileReference; lastKnownFileType = sourcecode.swift; path = DataController.swift; sourceTree = "<group>"; };
		FDB05496279410B300B58886 /* DataModel.swift */ = {isa = PBXFileReference; lastKnownFileType = sourcecode.swift; path = DataModel.swift; sourceTree = "<group>"; };
/* End PBXFileReference section */

/* Begin PBXFrameworksBuildPhase section */
		FD9936872793285100B29BF5 /* Frameworks */ = {
			isa = PBXFrameworksBuildPhase;
			buildActionMask = 2147483647;
			files = (
			);
			runOnlyForDeploymentPostprocessing = 0;
		};
/* End PBXFrameworksBuildPhase section */

/* Begin PBXGroup section */
		FD9936812793285000B29BF5 = {
			isa = PBXGroup;
			children = (
				FD99368C2793285100B29BF5 /* Hotels */,
				FD99368B2793285100B29BF5 /* Products */,
			);
			sourceTree = "<group>";
		};
		FD99368B2793285100B29BF5 /* Products */ = {
			isa = PBXGroup;
			children = (
				FD99368A2793285100B29BF5 /* Hotels.app */,
			);
			name = Products;
			sourceTree = "<group>";
		};
		FD99368C2793285100B29BF5 /* Hotels */ = {
			isa = PBXGroup;
			children = (
				FD9936A627932DDB00B29BF5 /* Helpers */,
				FD9936A52793292E00B29BF5 /* Api */,
				FD9936A42793292600B29BF5 /* Controller */,
				FD9936A32793291C00B29BF5 /* Model */,
				FD9936A12793286700B29BF5 /* View */,
				FD99368D2793285100B29BF5 /* AppDelegate.swift */,
				FD99368F2793285100B29BF5 /* SceneDelegate.swift */,
				FD99369B2793285900B29BF5 /* Info.plist */,
			);
			path = Hotels;
			sourceTree = "<group>";
		};
		FD9936A12793286700B29BF5 /* View */ = {
			isa = PBXGroup;
			children = (
				FDB0548F2794006800B58886 /* TableViewCell */,
				FD9936962793285900B29BF5 /* Assets.xcassets */,
				FD9936A22793286F00B29BF5 /* Storyboard */,
			);
			path = View;
			sourceTree = "<group>";
		};
		FD9936A22793286F00B29BF5 /* Storyboard */ = {
			isa = PBXGroup;
			children = (
				FD9936932793285100B29BF5 /* Main.storyboard */,
				FD9936982793285900B29BF5 /* LaunchScreen.storyboard */,
			);
			path = Storyboard;
			sourceTree = "<group>";
		};
		FD9936A32793291C00B29BF5 /* Model */ = {
			isa = PBXGroup;
			children = (
				FDB0548C2793E62B00B58886 /* ApiResponse */,
				FD9936B22793444F00B29BF5 /* CoreDataModel */,
				FDB05496279410B300B58886 /* DataModel.swift */,
			);
			path = Model;
			sourceTree = "<group>";
		};
		FD9936A42793292600B29BF5 /* Controller */ = {
			isa = PBXGroup;
			children = (
				FD9936A927932E5D00B29BF5 /* Extensions */,
				FD9936912793285100B29BF5 /* MapViewController.swift */,
				FD9936AC279331BC00B29BF5 /* HotelsViewController.swift */,
			);
			path = Controller;
			sourceTree = "<group>";
		};
		FD9936A52793292E00B29BF5 /* Api */ = {
			isa = PBXGroup;
			children = (
				FD9936AE2793349600B29BF5 /* HotelsApiClient.swift */,
			);
			path = Api;
			sourceTree = "<group>";
		};
		FD9936A627932DDB00B29BF5 /* Helpers */ = {
			isa = PBXGroup;
			children = (
				FD9936A727932E3B00B29BF5 /* NetworkReachabilityManager.swift */,
			);
			path = Helpers;
			sourceTree = "<group>";
		};
		FD9936A927932E5D00B29BF5 /* Extensions */ = {
			isa = PBXGroup;
			children = (
				FD9936AA27932E7500B29BF5 /* UIViewController+Extensions.swift */,
				FD9936B027933F7600B29BF5 /* MapViewController+Extensions.swift */,
			);
			path = Extensions;
			sourceTree = "<group>";
		};
		FD9936B22793444F00B29BF5 /* CoreDataModel */ = {
			isa = PBXGroup;
			children = (
				FD9936B32793446E00B29BF5 /* Hotels.xcdatamodeld */,
				FDB054942794044F00B58886 /* DataController.swift */,
			);
			path = CoreDataModel;
			sourceTree = "<group>";
		};
		FDB0548C2793E62B00B58886 /* ApiResponse */ = {
			isa = PBXGroup;
			children = (
				FDB0548D2793E64D00B58886 /* HotelResponse.swift */,
			);
			path = ApiResponse;
			sourceTree = "<group>";
		};
		FDB0548F2794006800B58886 /* TableViewCell */ = {
			isa = PBXGroup;
			children = (
				FDB054902794009300B58886 /* HotelTableViewCell.swift */,
				FDB054912794009300B58886 /* HotelTableViewCell.xib */,
			);
			path = TableViewCell;
			sourceTree = "<group>";
		};
/* End PBXGroup section */

/* Begin PBXNativeTarget section */
		FD9936892793285100B29BF5 /* Hotels */ = {
			isa = PBXNativeTarget;
			buildConfigurationList = FD99369E2793285900B29BF5 /* Build configuration list for PBXNativeTarget "Hotels" */;
			buildPhases = (
				FD9936862793285100B29BF5 /* Sources */,
				FD9936872793285100B29BF5 /* Frameworks */,
				FD9936882793285100B29BF5 /* Resources */,
			);
			buildRules = (
			);
			dependencies = (
			);
			name = Hotels;
			productName = Hotels;
			productReference = FD99368A2793285100B29BF5 /* Hotels.app */;
			productType = "com.apple.product-type.application";
		};
/* End PBXNativeTarget section */

/* Begin PBXProject section */
		FD9936822793285000B29BF5 /* Project object */ = {
			isa = PBXProject;
			attributes = {
				BuildIndependentTargetsInParallel = 1;
				LastSwiftUpdateCheck = 1320;
				LastUpgradeCheck = 1320;
				TargetAttributes = {
					FD9936892793285100B29BF5 = {
						CreatedOnToolsVersion = 13.2.1;
					};
				};
			};
			buildConfigurationList = FD9936852793285000B29BF5 /* Build configuration list for PBXProject "Hotels" */;
			compatibilityVersion = "Xcode 13.0";
			developmentRegion = en;
			hasScannedForEncodings = 0;
			knownRegions = (
				en,
				Base,
			);
			mainGroup = FD9936812793285000B29BF5;
			productRefGroup = FD99368B2793285100B29BF5 /* Products */;
			projectDirPath = "";
			projectRoot = "";
			targets = (
				FD9936892793285100B29BF5 /* Hotels */,
			);
		};
/* End PBXProject section */

/* Begin PBXResourcesBuildPhase section */
		FD9936882793285100B29BF5 /* Resources */ = {
			isa = PBXResourcesBuildPhase;
			buildActionMask = 2147483647;
			files = (
				FD99369A2793285900B29BF5 /* LaunchScreen.storyboard in Resources */,
				FD9936972793285900B29BF5 /* Assets.xcassets in Resources */,
				FDB054932794009300B58886 /* HotelTableViewCell.xib in Resources */,
				FD9936952793285100B29BF5 /* Main.storyboard in Resources */,
			);
			runOnlyForDeploymentPostprocessing = 0;
		};
/* End PBXResourcesBuildPhase section */

/* Begin PBXSourcesBuildPhase section */
		FD9936862793285100B29BF5 /* Sources */ = {
			isa = PBXSourcesBuildPhase;
			buildActionMask = 2147483647;
			files = (
				FD9936922793285100B29BF5 /* MapViewController.swift in Sources */,
				FDB054952794044F00B58886 /* DataController.swift in Sources */,
				FD9936B127933F7600B29BF5 /* MapViewController+Extensions.swift in Sources */,
				FD99368E2793285100B29BF5 /* AppDelegate.swift in Sources */,
				FD9936AF2793349600B29BF5 /* HotelsApiClient.swift in Sources */,
				FD9936B52793446E00B29BF5 /* Hotels.xcdatamodeld in Sources */,
				FDB05497279410B300B58886 /* DataModel.swift in Sources */,
				FD9936AB27932E7500B29BF5 /* UIViewController+Extensions.swift in Sources */,
				FDB054922794009300B58886 /* HotelTableViewCell.swift in Sources */,
				FD9936AD279331BC00B29BF5 /* HotelsViewController.swift in Sources */,
				FDB0548E2793E64D00B58886 /* HotelResponse.swift in Sources */,
				FD9936A827932E3B00B29BF5 /* NetworkReachabilityManager.swift in Sources */,
				FD9936902793285100B29BF5 /* SceneDelegate.swift in Sources */,
			);
			runOnlyForDeploymentPostprocessing = 0;
		};
/* End PBXSourcesBuildPhase section */

/* Begin PBXVariantGroup section */
		FD9936932793285100B29BF5 /* Main.storyboard */ = {
			isa = PBXVariantGroup;
			children = (
				FD9936942793285100B29BF5 /* Base */,
			);
			name = Main.storyboard;
			sourceTree = "<group>";
		};
		FD9936982793285900B29BF5 /* LaunchScreen.storyboard */ = {
			isa = PBXVariantGroup;
			children = (
				FD9936992793285900B29BF5 /* Base */,
			);
			name = LaunchScreen.storyboard;
			sourceTree = "<group>";
		};
/* End PBXVariantGroup section */

/* Begin XCBuildConfiguration section */
		FD99369C2793285900B29BF5 /* Debug */ = {
			isa = XCBuildConfiguration;
			buildSettings = {
				ALWAYS_SEARCH_USER_PATHS = NO;
				CLANG_ANALYZER_NONNULL = YES;
				CLANG_ANALYZER_NUMBER_OBJECT_CONVERSION = YES_AGGRESSIVE;
				CLANG_CXX_LANGUAGE_STANDARD = "gnu++17";
				CLANG_CXX_LIBRARY = "libc++";
				CLANG_ENABLE_MODULES = YES;
				CLANG_ENABLE_OBJC_ARC = YES;
				CLANG_ENABLE_OBJC_WEAK = YES;
				CLANG_WARN_BLOCK_CAPTURE_AUTORELEASING = YES;
				CLANG_WARN_BOOL_CONVERSION = YES;
				CLANG_WARN_COMMA = YES;
				CLANG_WARN_CONSTANT_CONVERSION = YES;
				CLANG_WARN_DEPRECATED_OBJC_IMPLEMENTATIONS = YES;
				CLANG_WARN_DIRECT_OBJC_ISA_USAGE = YES_ERROR;
				CLANG_WARN_DOCUMENTATION_COMMENTS = YES;
				CLANG_WARN_EMPTY_BODY = YES;
				CLANG_WARN_ENUM_CONVERSION = YES;
				CLANG_WARN_INFINITE_RECURSION = YES;
				CLANG_WARN_INT_CONVERSION = YES;
				CLANG_WARN_NON_LITERAL_NULL_CONVERSION = YES;
				CLANG_WARN_OBJC_IMPLICIT_RETAIN_SELF = YES;
				CLANG_WARN_OBJC_LITERAL_CONVERSION = YES;
				CLANG_WARN_OBJC_ROOT_CLASS = YES_ERROR;
				CLANG_WARN_QUOTED_INCLUDE_IN_FRAMEWORK_HEADER = YES;
				CLANG_WARN_RANGE_LOOP_ANALYSIS = YES;
				CLANG_WARN_STRICT_PROTOTYPES = YES;
				CLANG_WARN_SUSPICIOUS_MOVE = YES;
				CLANG_WARN_UNGUARDED_AVAILABILITY = YES_AGGRESSIVE;
				CLANG_WARN_UNREACHABLE_CODE = YES;
				CLANG_WARN__DUPLICATE_METHOD_MATCH = YES;
				COPY_PHASE_STRIP = NO;
				DEBUG_INFORMATION_FORMAT = dwarf;
				ENABLE_STRICT_OBJC_MSGSEND = YES;
				ENABLE_TESTABILITY = YES;
				GCC_C_LANGUAGE_STANDARD = gnu11;
				GCC_DYNAMIC_NO_PIC = NO;
				GCC_NO_COMMON_BLOCKS = YES;
				GCC_OPTIMIZATION_LEVEL = 0;
				GCC_PREPROCESSOR_DEFINITIONS = (
					"DEBUG=1",
					"$(inherited)",
				);
				GCC_WARN_64_TO_32_BIT_CONVERSION = YES;
				GCC_WARN_ABOUT_RETURN_TYPE = YES_ERROR;
				GCC_WARN_UNDECLARED_SELECTOR = YES;
				GCC_WARN_UNINITIALIZED_AUTOS = YES_AGGRESSIVE;
				GCC_WARN_UNUSED_FUNCTION = YES;
				GCC_WARN_UNUSED_VARIABLE = YES;
				IPHONEOS_DEPLOYMENT_TARGET = 15.2;
				MTL_ENABLE_DEBUG_INFO = INCLUDE_SOURCE;
				MTL_FAST_MATH = YES;
				ONLY_ACTIVE_ARCH = YES;
				SDKROOT = iphoneos;
				SWIFT_ACTIVE_COMPILATION_CONDITIONS = DEBUG;
				SWIFT_OPTIMIZATION_LEVEL = "-Onone";
			};
			name = Debug;
		};
		FD99369D2793285900B29BF5 /* Release */ = {
			isa = XCBuildConfiguration;
			buildSettings = {
				ALWAYS_SEARCH_USER_PATHS = NO;
				CLANG_ANALYZER_NONNULL = YES;
				CLANG_ANALYZER_NUMBER_OBJECT_CONVERSION = YES_AGGRESSIVE;
				CLANG_CXX_LANGUAGE_STANDARD = "gnu++17";
				CLANG_CXX_LIBRARY = "libc++";
				CLANG_ENABLE_MODULES = YES;
				CLANG_ENABLE_OBJC_ARC = YES;
				CLANG_ENABLE_OBJC_WEAK = YES;
				CLANG_WARN_BLOCK_CAPTURE_AUTORELEASING = YES;
				CLANG_WARN_BOOL_CONVERSION = YES;
				CLANG_WARN_COMMA = YES;
				CLANG_WARN_CONSTANT_CONVERSION = YES;
				CLANG_WARN_DEPRECATED_OBJC_IMPLEMENTATIONS = YES;
				CLANG_WARN_DIRECT_OBJC_ISA_USAGE = YES_ERROR;
				CLANG_WARN_DOCUMENTATION_COMMENTS = YES;
				CLANG_WARN_EMPTY_BODY = YES;
				CLANG_WARN_ENUM_CONVERSION = YES;
				CLANG_WARN_INFINITE_RECURSION = YES;
				CLANG_WARN_INT_CONVERSION = YES;
				CLANG_WARN_NON_LITERAL_NULL_CONVERSION = YES;
				CLANG_WARN_OBJC_IMPLICIT_RETAIN_SELF = YES;
				CLANG_WARN_OBJC_LITERAL_CONVERSION = YES;
				CLANG_WARN_OBJC_ROOT_CLASS = YES_ERROR;
				CLANG_WARN_QUOTED_INCLUDE_IN_FRAMEWORK_HEADER = YES;
				CLANG_WARN_RANGE_LOOP_ANALYSIS = YES;
				CLANG_WARN_STRICT_PROTOTYPES = YES;
				CLANG_WARN_SUSPICIOUS_MOVE = YES;
				CLANG_WARN_UNGUARDED_AVAILABILITY = YES_AGGRESSIVE;
				CLANG_WARN_UNREACHABLE_CODE = YES;
				CLANG_WARN__DUPLICATE_METHOD_MATCH = YES;
				COPY_PHASE_STRIP = NO;
				DEBUG_INFORMATION_FORMAT = "dwarf-with-dsym";
				ENABLE_NS_ASSERTIONS = NO;
				ENABLE_STRICT_OBJC_MSGSEND = YES;
				GCC_C_LANGUAGE_STANDARD = gnu11;
				GCC_NO_COMMON_BLOCKS = YES;
				GCC_WARN_64_TO_32_BIT_CONVERSION = YES;
				GCC_WARN_ABOUT_RETURN_TYPE = YES_ERROR;
				GCC_WARN_UNDECLARED_SELECTOR = YES;
				GCC_WARN_UNINITIALIZED_AUTOS = YES_AGGRESSIVE;
				GCC_WARN_UNUSED_FUNCTION = YES;
				GCC_WARN_UNUSED_VARIABLE = YES;
				IPHONEOS_DEPLOYMENT_TARGET = 15.2;
				MTL_ENABLE_DEBUG_INFO = NO;
				MTL_FAST_MATH = YES;
				SDKROOT = iphoneos;
				SWIFT_COMPILATION_MODE = wholemodule;
				SWIFT_OPTIMIZATION_LEVEL = "-O";
				VALIDATE_PRODUCT = YES;
			};
			name = Release;
		};
		FD99369F2793285900B29BF5 /* Debug */ = {
			isa = XCBuildConfiguration;
			buildSettings = {
				ASSETCATALOG_COMPILER_APPICON_NAME = AppIcon;
				ASSETCATALOG_COMPILER_GLOBAL_ACCENT_COLOR_NAME = AccentColor;
				CODE_SIGN_STYLE = Automatic;
				CURRENT_PROJECT_VERSION = 1;
				GENERATE_INFOPLIST_FILE = YES;
				INFOPLIST_FILE = Hotels/Info.plist;
				INFOPLIST_KEY_UIApplicationSupportsIndirectInputEvents = YES;
				INFOPLIST_KEY_UILaunchStoryboardName = LaunchScreen;
				INFOPLIST_KEY_UIMainStoryboardFile = Main;
				INFOPLIST_KEY_UISupportedInterfaceOrientations_iPad = "UIInterfaceOrientationPortrait UIInterfaceOrientationPortraitUpsideDown UIInterfaceOrientationLandscapeLeft UIInterfaceOrientationLandscapeRight";
				INFOPLIST_KEY_UISupportedInterfaceOrientations_iPhone = "UIInterfaceOrientationPortrait UIInterfaceOrientationLandscapeLeft UIInterfaceOrientationLandscapeRight";
				LD_RUNPATH_SEARCH_PATHS = (
					"$(inherited)",
					"@executable_path/Frameworks",
				);
				MARKETING_VERSION = 1.0;
				PRODUCT_BUNDLE_IDENTIFIER = com.hwys.Hotels;
				PRODUCT_NAME = "$(TARGET_NAME)";
				SWIFT_EMIT_LOC_STRINGS = YES;
				SWIFT_VERSION = 5.0;
				TARGETED_DEVICE_FAMILY = "1,2";
			};
			name = Debug;
		};
		FD9936A02793285900B29BF5 /* Release */ = {
			isa = XCBuildConfiguration;
			buildSettings = {
				ASSETCATALOG_COMPILER_APPICON_NAME = AppIcon;
				ASSETCATALOG_COMPILER_GLOBAL_ACCENT_COLOR_NAME = AccentColor;
				CODE_SIGN_STYLE = Automatic;
				CURRENT_PROJECT_VERSION = 1;
				GENERATE_INFOPLIST_FILE = YES;
				INFOPLIST_FILE = Hotels/Info.plist;
				INFOPLIST_KEY_UIApplicationSupportsIndirectInputEvents = YES;
				INFOPLIST_KEY_UILaunchStoryboardName = LaunchScreen;
				INFOPLIST_KEY_UIMainStoryboardFile = Main;
				INFOPLIST_KEY_UISupportedInterfaceOrientations_iPad = "UIInterfaceOrientationPortrait UIInterfaceOrientationPortraitUpsideDown UIInterfaceOrientationLandscapeLeft UIInterfaceOrientationLandscapeRight";
				INFOPLIST_KEY_UISupportedInterfaceOrientations_iPhone = "UIInterfaceOrientationPortrait UIInterfaceOrientationLandscapeLeft UIInterfaceOrientationLandscapeRight";
				LD_RUNPATH_SEARCH_PATHS = (
					"$(inherited)",
					"@executable_path/Frameworks",
				);
				MARKETING_VERSION = 1.0;
				PRODUCT_BUNDLE_IDENTIFIER = com.hwys.Hotels;
				PRODUCT_NAME = "$(TARGET_NAME)";
				SWIFT_EMIT_LOC_STRINGS = YES;
				SWIFT_VERSION = 5.0;
				TARGETED_DEVICE_FAMILY = "1,2";
			};
			name = Release;
		};
/* End XCBuildConfiguration section */

/* Begin XCConfigurationList section */
		FD9936852793285000B29BF5 /* Build configuration list for PBXProject "Hotels" */ = {
			isa = XCConfigurationList;
			buildConfigurations = (
				FD99369C2793285900B29BF5 /* Debug */,
				FD99369D2793285900B29BF5 /* Release */,
			);
			defaultConfigurationIsVisible = 0;
			defaultConfigurationName = Release;
		};
		FD99369E2793285900B29BF5 /* Build configuration list for PBXNativeTarget "Hotels" */ = {
			isa = XCConfigurationList;
			buildConfigurations = (
				FD99369F2793285900B29BF5 /* Debug */,
				FD9936A02793285900B29BF5 /* Release */,
			);
			defaultConfigurationIsVisible = 0;
			defaultConfigurationName = Release;
		};
/* End XCConfigurationList section */

/* Begin XCVersionGroup section */
		FD9936B32793446E00B29BF5 /* Hotels.xcdatamodeld */ = {
			isa = XCVersionGroup;
			children = (
				FD9936B42793446E00B29BF5 /* Hotels.xcdatamodel */,
			);
			currentVersion = FD9936B42793446E00B29BF5 /* Hotels.xcdatamodel */;
			path = Hotels.xcdatamodeld;
			sourceTree = "<group>";
			versionGroupType = wrapper.xcdatamodel;
		};
/* End XCVersionGroup section */
	};
	rootObject = FD9936822793285000B29BF5 /* Project object */;
}
